
Microsoft Visual Studio Solution File, Format Version 12.00
# Visual Studio 15
VisualStudioVersion = 15.0.27703.2047
MinimumVisualStudioVersion = 10.0.40219.1
Project("{FAE04EC0-301F-11D3-BF4B-00C04F79EFBC}") = "Insert1", "Insert1\Insert1.csproj", "{A03E8A23-B446-40A9-92EF-13A3A04DB150}"
EndProject
Global
	GlobalSection(SolutionConfigurationPlatforms) = preSolution
		Debug|Any CPU = Debug|Any CPU
		Release|Any CPU = Release|Any CPU
	EndGlobalSection
	GlobalSection(ProjectConfigurationPlatforms) = postSolution
		{A03E8A23-B446-40A9-92EF-13A3A04DB150}.Debug|Any CPU.ActiveCfg = Debug|Any CPU
		{A03E8A23-B446-40A9-92EF-13A3A04DB150}.Debug|Any CPU.Build.0 = Debug|Any CPU
		{A03E8A23-B446-40A9-92EF-13A3A04DB150}.Release|Any CPU.ActiveCfg = Release|Any CPU
		{A03E8A23-B446-40A9-92EF-13A3A04DB150}.Release|Any CPU.Build.0 = Release|Any CPU
	EndGlobalSection
	GlobalSection(SolutionProperties) = preSolution
		HideSolutionNode = FALSE
	EndGlobalSection
	GlobalSection(ExtensibilityGlobals) = postSolution
		SolutionGuid = {6113911A-8B6A-4F8C-B9DA-7156ADF5F7AD}
	EndGlobalSection
EndGlobal
