
Microsoft Visual Studio Solution File, Format Version 12.00
# Visual Studio 15
VisualStudioVersion = 15.0.27703.2047
MinimumVisualStudioVersion = 10.0.40219.1
Project("{FAE04EC0-301F-11D3-BF4B-00C04F79EFBC}") = "ColaPila1", "ColaPila1\ColaPila1.csproj", "{4E8AE485-640A-44B6-B1A9-5BE7D46D3F63}"
EndProject
Global
	GlobalSection(SolutionConfigurationPlatforms) = preSolution
		Debug|Any CPU = Debug|Any CPU
		Release|Any CPU = Release|Any CPU
	EndGlobalSection
	GlobalSection(ProjectConfigurationPlatforms) = postSolution
		{4E8AE485-640A-44B6-B1A9-5BE7D46D3F63}.Debug|Any CPU.ActiveCfg = Debug|Any CPU
		{4E8AE485-640A-44B6-B1A9-5BE7D46D3F63}.Debug|Any CPU.Build.0 = Debug|Any CPU
		{4E8AE485-640A-44B6-B1A9-5BE7D46D3F63}.Release|Any CPU.ActiveCfg = Release|Any CPU
		{4E8AE485-640A-44B6-B1A9-5BE7D46D3F63}.Release|Any CPU.Build.0 = Release|Any CPU
	EndGlobalSection
	GlobalSection(SolutionProperties) = preSolution
		HideSolutionNode = FALSE
	EndGlobalSection
	GlobalSection(ExtensibilityGlobals) = postSolution
		SolutionGuid = {F98E2025-DB46-4968-9E52-EBE96042593D}
	EndGlobalSection
EndGlobal
