
Microsoft Visual Studio Solution File, Format Version 12.00
# Visual Studio 15
VisualStudioVersion = 15.0.28010.0
MinimumVisualStudioVersion = 10.0.40219.1
Project("{FAE04EC0-301F-11D3-BF4B-00C04F79EFBC}") = "ProgramFactorial1", "ProgramFactorial1\ProgramFactorial1.csproj", "{1FD98842-2ACE-40D6-8C6D-BAF1790E5F2C}"
EndProject
Project("{FAE04EC0-301F-11D3-BF4B-00C04F79EFBC}") = "ProgramFactorial1.Test", "ProgramFactorial1Test\ProgramFactorial1.Test.csproj", "{65C666BC-ABE3-43BD-A0D2-34CDAFCD9899}"
EndProject
Global
	GlobalSection(SolutionConfigurationPlatforms) = preSolution
		Debug|Any CPU = Debug|Any CPU
		Release|Any CPU = Release|Any CPU
	EndGlobalSection
	GlobalSection(ProjectConfigurationPlatforms) = postSolution
		{1FD98842-2ACE-40D6-8C6D-BAF1790E5F2C}.Debug|Any CPU.ActiveCfg = Debug|Any CPU
		{1FD98842-2ACE-40D6-8C6D-BAF1790E5F2C}.Debug|Any CPU.Build.0 = Debug|Any CPU
		{1FD98842-2ACE-40D6-8C6D-BAF1790E5F2C}.Release|Any CPU.ActiveCfg = Release|Any CPU
		{1FD98842-2ACE-40D6-8C6D-BAF1790E5F2C}.Release|Any CPU.Build.0 = Release|Any CPU
		{65C666BC-ABE3-43BD-A0D2-34CDAFCD9899}.Debug|Any CPU.ActiveCfg = Debug|Any CPU
		{65C666BC-ABE3-43BD-A0D2-34CDAFCD9899}.Debug|Any CPU.Build.0 = Debug|Any CPU
		{65C666BC-ABE3-43BD-A0D2-34CDAFCD9899}.Release|Any CPU.ActiveCfg = Release|Any CPU
		{65C666BC-ABE3-43BD-A0D2-34CDAFCD9899}.Release|Any CPU.Build.0 = Release|Any CPU
	EndGlobalSection
	GlobalSection(SolutionProperties) = preSolution
		HideSolutionNode = FALSE
	EndGlobalSection
	GlobalSection(ExtensibilityGlobals) = postSolution
		SolutionGuid = {18CD1ABC-55FD-4B5B-AE58-ABED1C77AEEF}
	EndGlobalSection
EndGlobal
