
Microsoft Visual Studio Solution File, Format Version 12.00
# Visual Studio 15
VisualStudioVersion = 15.0.27703.2047
MinimumVisualStudioVersion = 10.0.40219.1
Project("{FAE04EC0-301F-11D3-BF4B-00C04F79EFBC}") = "metodos estaticos", "metodos estaticos\metodos estaticos.csproj", "{C31C7D3F-587C-4C25-92D7-5FC77FB27AAB}"
EndProject
Global
	GlobalSection(SolutionConfigurationPlatforms) = preSolution
		Debug|Any CPU = Debug|Any CPU
		Release|Any CPU = Release|Any CPU
	EndGlobalSection
	GlobalSection(ProjectConfigurationPlatforms) = postSolution
		{C31C7D3F-587C-4C25-92D7-5FC77FB27AAB}.Debug|Any CPU.ActiveCfg = Debug|Any CPU
		{C31C7D3F-587C-4C25-92D7-5FC77FB27AAB}.Debug|Any CPU.Build.0 = Debug|Any CPU
		{C31C7D3F-587C-4C25-92D7-5FC77FB27AAB}.Release|Any CPU.ActiveCfg = Release|Any CPU
		{C31C7D3F-587C-4C25-92D7-5FC77FB27AAB}.Release|Any CPU.Build.0 = Release|Any CPU
	EndGlobalSection
	GlobalSection(SolutionProperties) = preSolution
		HideSolutionNode = FALSE
	EndGlobalSection
	GlobalSection(ExtensibilityGlobals) = postSolution
		SolutionGuid = {2C26962C-C369-41F0-A9F8-CA291FF67B96}
	EndGlobalSection
EndGlobal
