
Microsoft Visual Studio Solution File, Format Version 12.00
# Visual Studio 15
VisualStudioVersion = 15.0.27703.2047
MinimumVisualStudioVersion = 10.0.40219.1
Project("{FAE04EC0-301F-11D3-BF4B-00C04F79EFBC}") = "Tipo de datos", "Tipo de datos\Tipo de datos.csproj", "{845DB799-A2A4-4ACF-ADD1-DFF39A6D94E1}"
EndProject
Global
	GlobalSection(SolutionConfigurationPlatforms) = preSolution
		Debug|Any CPU = Debug|Any CPU
		Release|Any CPU = Release|Any CPU
	EndGlobalSection
	GlobalSection(ProjectConfigurationPlatforms) = postSolution
		{845DB799-A2A4-4ACF-ADD1-DFF39A6D94E1}.Debug|Any CPU.ActiveCfg = Debug|Any CPU
		{845DB799-A2A4-4ACF-ADD1-DFF39A6D94E1}.Debug|Any CPU.Build.0 = Debug|Any CPU
		{845DB799-A2A4-4ACF-ADD1-DFF39A6D94E1}.Release|Any CPU.ActiveCfg = Release|Any CPU
		{845DB799-A2A4-4ACF-ADD1-DFF39A6D94E1}.Release|Any CPU.Build.0 = Release|Any CPU
	EndGlobalSection
	GlobalSection(SolutionProperties) = preSolution
		HideSolutionNode = FALSE
	EndGlobalSection
	GlobalSection(ExtensibilityGlobals) = postSolution
		SolutionGuid = {6456D2A0-4F6A-4530-9369-EFAC92E57052}
	EndGlobalSection
EndGlobal
