
Microsoft Visual Studio Solution File, Format Version 12.00
# Visual Studio 15
VisualStudioVersion = 15.0.27703.2047
MinimumVisualStudioVersion = 10.0.40219.1
Project("{FAE04EC0-301F-11D3-BF4B-00C04F79EFBC}") = "Herencia1", "Herencia1\Herencia1.csproj", "{CC6755AA-3D00-4863-A426-6813DBFE42BA}"
EndProject
Global
	GlobalSection(SolutionConfigurationPlatforms) = preSolution
		Debug|Any CPU = Debug|Any CPU
		Release|Any CPU = Release|Any CPU
	EndGlobalSection
	GlobalSection(ProjectConfigurationPlatforms) = postSolution
		{CC6755AA-3D00-4863-A426-6813DBFE42BA}.Debug|Any CPU.ActiveCfg = Debug|Any CPU
		{CC6755AA-3D00-4863-A426-6813DBFE42BA}.Debug|Any CPU.Build.0 = Debug|Any CPU
		{CC6755AA-3D00-4863-A426-6813DBFE42BA}.Release|Any CPU.ActiveCfg = Release|Any CPU
		{CC6755AA-3D00-4863-A426-6813DBFE42BA}.Release|Any CPU.Build.0 = Release|Any CPU
	EndGlobalSection
	GlobalSection(SolutionProperties) = preSolution
		HideSolutionNode = FALSE
	EndGlobalSection
	GlobalSection(ExtensibilityGlobals) = postSolution
		SolutionGuid = {9379D5CE-100F-4A2B-BD2E-94BA3F0C6118}
	EndGlobalSection
EndGlobal
