
Microsoft Visual Studio Solution File, Format Version 12.00
# Visual Studio 15
VisualStudioVersion = 15.0.27703.2047
MinimumVisualStudioVersion = 10.0.40219.1
Project("{FAE04EC0-301F-11D3-BF4B-00C04F79EFBC}") = "Llamadas con nomb parametros", "Llamadas con nomb parametros\Llamadas con nomb parametros.csproj", "{EDDF63D9-D24B-408F-8F01-3D5352CB83F7}"
EndProject
Global
	GlobalSection(SolutionConfigurationPlatforms) = preSolution
		Debug|Any CPU = Debug|Any CPU
		Release|Any CPU = Release|Any CPU
	EndGlobalSection
	GlobalSection(ProjectConfigurationPlatforms) = postSolution
		{EDDF63D9-D24B-408F-8F01-3D5352CB83F7}.Debug|Any CPU.ActiveCfg = Debug|Any CPU
		{EDDF63D9-D24B-408F-8F01-3D5352CB83F7}.Debug|Any CPU.Build.0 = Debug|Any CPU
		{EDDF63D9-D24B-408F-8F01-3D5352CB83F7}.Release|Any CPU.ActiveCfg = Release|Any CPU
		{EDDF63D9-D24B-408F-8F01-3D5352CB83F7}.Release|Any CPU.Build.0 = Release|Any CPU
	EndGlobalSection
	GlobalSection(SolutionProperties) = preSolution
		HideSolutionNode = FALSE
	EndGlobalSection
	GlobalSection(ExtensibilityGlobals) = postSolution
		SolutionGuid = {9AB23DB6-CCC7-44B3-A6CE-5C4F51275E30}
	EndGlobalSection
EndGlobal
