
Microsoft Visual Studio Solution File, Format Version 12.00
# Visual Studio 15
VisualStudioVersion = 15.0.27703.2047
MinimumVisualStudioVersion = 10.0.40219.1
Project("{FAE04EC0-301F-11D3-BF4B-00C04F79EFBC}") = "BaseDatos1", "BaseDatos1\BaseDatos1.csproj", "{89047359-09B1-46E5-BF08-68AD864DC631}"
EndProject
Global
	GlobalSection(SolutionConfigurationPlatforms) = preSolution
		Debug|Any CPU = Debug|Any CPU
		Release|Any CPU = Release|Any CPU
	EndGlobalSection
	GlobalSection(ProjectConfigurationPlatforms) = postSolution
		{89047359-09B1-46E5-BF08-68AD864DC631}.Debug|Any CPU.ActiveCfg = Debug|Any CPU
		{89047359-09B1-46E5-BF08-68AD864DC631}.Debug|Any CPU.Build.0 = Debug|Any CPU
		{89047359-09B1-46E5-BF08-68AD864DC631}.Release|Any CPU.ActiveCfg = Release|Any CPU
		{89047359-09B1-46E5-BF08-68AD864DC631}.Release|Any CPU.Build.0 = Release|Any CPU
	EndGlobalSection
	GlobalSection(SolutionProperties) = preSolution
		HideSolutionNode = FALSE
	EndGlobalSection
	GlobalSection(ExtensibilityGlobals) = postSolution
		SolutionGuid = {C3ACBB5E-60C5-48AC-8541-80B98FC0664F}
	EndGlobalSection
EndGlobal
