
Microsoft Visual Studio Solution File, Format Version 12.00
# Visual Studio 15
VisualStudioVersion = 15.0.27703.2047
MinimumVisualStudioVersion = 10.0.40219.1
Project("{FAE04EC0-301F-11D3-BF4B-00C04F79EFBC}") = "Num variable parametros", "Num variable parametros\Num variable parametros.csproj", "{93538F23-CB95-4E9B-84BB-EAC10077C39F}"
EndProject
Global
	GlobalSection(SolutionConfigurationPlatforms) = preSolution
		Debug|Any CPU = Debug|Any CPU
		Release|Any CPU = Release|Any CPU
	EndGlobalSection
	GlobalSection(ProjectConfigurationPlatforms) = postSolution
		{93538F23-CB95-4E9B-84BB-EAC10077C39F}.Debug|Any CPU.ActiveCfg = Debug|Any CPU
		{93538F23-CB95-4E9B-84BB-EAC10077C39F}.Debug|Any CPU.Build.0 = Debug|Any CPU
		{93538F23-CB95-4E9B-84BB-EAC10077C39F}.Release|Any CPU.ActiveCfg = Release|Any CPU
		{93538F23-CB95-4E9B-84BB-EAC10077C39F}.Release|Any CPU.Build.0 = Release|Any CPU
	EndGlobalSection
	GlobalSection(SolutionProperties) = preSolution
		HideSolutionNode = FALSE
	EndGlobalSection
	GlobalSection(ExtensibilityGlobals) = postSolution
		SolutionGuid = {5FD170FE-5A7C-490E-B34A-828C95719BB2}
	EndGlobalSection
EndGlobal
