
Microsoft Visual Studio Solution File, Format Version 12.00
# Visual Studio 15
VisualStudioVersion = 15.0.27703.2047
MinimumVisualStudioVersion = 10.0.40219.1
Project("{FAE04EC0-301F-11D3-BF4B-00C04F79EFBC}") = "Atributos estaticos", "Atributos estaticos\Atributos estaticos.csproj", "{13F5838A-AFB6-4325-A750-F0A1F84DA404}"
EndProject
Global
	GlobalSection(SolutionConfigurationPlatforms) = preSolution
		Debug|Any CPU = Debug|Any CPU
		Release|Any CPU = Release|Any CPU
	EndGlobalSection
	GlobalSection(ProjectConfigurationPlatforms) = postSolution
		{13F5838A-AFB6-4325-A750-F0A1F84DA404}.Debug|Any CPU.ActiveCfg = Debug|Any CPU
		{13F5838A-AFB6-4325-A750-F0A1F84DA404}.Debug|Any CPU.Build.0 = Debug|Any CPU
		{13F5838A-AFB6-4325-A750-F0A1F84DA404}.Release|Any CPU.ActiveCfg = Release|Any CPU
		{13F5838A-AFB6-4325-A750-F0A1F84DA404}.Release|Any CPU.Build.0 = Release|Any CPU
	EndGlobalSection
	GlobalSection(SolutionProperties) = preSolution
		HideSolutionNode = FALSE
	EndGlobalSection
	GlobalSection(ExtensibilityGlobals) = postSolution
		SolutionGuid = {6F1AEF34-67BC-470F-96CD-B263AC37FFCD}
	EndGlobalSection
EndGlobal
