
Microsoft Visual Studio Solution File, Format Version 12.00
# Visual Studio 15
VisualStudioVersion = 15.0.27703.2047
MinimumVisualStudioVersion = 10.0.40219.1
Project("{FAE04EC0-301F-11D3-BF4B-00C04F79EFBC}") = "ListarRegistros1", "ListarRegistros1\ListarRegistros1.csproj", "{5A20EC31-3071-4FF3-9E13-BB629061C737}"
EndProject
Global
	GlobalSection(SolutionConfigurationPlatforms) = preSolution
		Debug|Any CPU = Debug|Any CPU
		Release|Any CPU = Release|Any CPU
	EndGlobalSection
	GlobalSection(ProjectConfigurationPlatforms) = postSolution
		{5A20EC31-3071-4FF3-9E13-BB629061C737}.Debug|Any CPU.ActiveCfg = Debug|Any CPU
		{5A20EC31-3071-4FF3-9E13-BB629061C737}.Debug|Any CPU.Build.0 = Debug|Any CPU
		{5A20EC31-3071-4FF3-9E13-BB629061C737}.Release|Any CPU.ActiveCfg = Release|Any CPU
		{5A20EC31-3071-4FF3-9E13-BB629061C737}.Release|Any CPU.Build.0 = Release|Any CPU
	EndGlobalSection
	GlobalSection(SolutionProperties) = preSolution
		HideSolutionNode = FALSE
	EndGlobalSection
	GlobalSection(ExtensibilityGlobals) = postSolution
		SolutionGuid = {F8395F85-C5EE-4F61-862F-A8EDF55F566F}
	EndGlobalSection
EndGlobal
