
Microsoft Visual Studio Solution File, Format Version 12.00
# Visual Studio 15
VisualStudioVersion = 15.0.27703.2047
MinimumVisualStudioVersion = 10.0.40219.1
Project("{FAE04EC0-301F-11D3-BF4B-00C04F79EFBC}") = "Indizadores3", "Indizadores3\Indizadores3.csproj", "{CE6DFB65-389A-4BB8-A0C1-531C1C930B2D}"
EndProject
Global
	GlobalSection(SolutionConfigurationPlatforms) = preSolution
		Debug|Any CPU = Debug|Any CPU
		Release|Any CPU = Release|Any CPU
	EndGlobalSection
	GlobalSection(ProjectConfigurationPlatforms) = postSolution
		{CE6DFB65-389A-4BB8-A0C1-531C1C930B2D}.Debug|Any CPU.ActiveCfg = Debug|Any CPU
		{CE6DFB65-389A-4BB8-A0C1-531C1C930B2D}.Debug|Any CPU.Build.0 = Debug|Any CPU
		{CE6DFB65-389A-4BB8-A0C1-531C1C930B2D}.Release|Any CPU.ActiveCfg = Release|Any CPU
		{CE6DFB65-389A-4BB8-A0C1-531C1C930B2D}.Release|Any CPU.Build.0 = Release|Any CPU
	EndGlobalSection
	GlobalSection(SolutionProperties) = preSolution
		HideSolutionNode = FALSE
	EndGlobalSection
	GlobalSection(ExtensibilityGlobals) = postSolution
		SolutionGuid = {F5224495-4820-4DB2-9D1C-CFD6F6412E66}
	EndGlobalSection
EndGlobal
